
Microsoft Visual Studio Solution File, Format Version 12.00
# Visual Studio Version 16
VisualStudioVersion = 16.0.31729.503
MinimumVisualStudioVersion = 10.0.40219.1
Project("{FAE04EC0-301F-11D3-BF4B-00C04F79EFBC}") = "SimpleMvvmDemo.Client", "SimpleMvvmDemo.Client\SimpleMvvmDemo.Client.csproj", "{237F6F8B-78EC-4FFC-B604-9096C8BD178F}"
EndProject
Project("{9A19103F-16F7-4668-BE54-9A1E7A4F7556}") = "ConsoleApp1", "ConsoleApp1\ConsoleApp1.csproj", "{C19EB88A-349D-4AC3-9BA2-3ED5B238F89E}"
EndProject
Global
	GlobalSection(SolutionConfigurationPlatforms) = preSolution
		Debug|Any CPU = Debug|Any CPU
		Debug|x64 = Debug|x64
		Release|Any CPU = Release|Any CPU
		Release|x64 = Release|x64
	EndGlobalSection
	GlobalSection(ProjectConfigurationPlatforms) = postSolution
		{237F6F8B-78EC-4FFC-B604-9096C8BD178F}.Debug|Any CPU.ActiveCfg = Debug|Any CPU
		{237F6F8B-78EC-4FFC-B604-9096C8BD178F}.Debug|Any CPU.Build.0 = Debug|Any CPU
		{237F6F8B-78EC-4FFC-B604-9096C8BD178F}.Debug|x64.ActiveCfg = Debug|x64
		{237F6F8B-78EC-4FFC-B604-9096C8BD178F}.Debug|x64.Build.0 = Debug|x64
		{237F6F8B-78EC-4FFC-B604-9096C8BD178F}.Release|Any CPU.ActiveCfg = Release|Any CPU
		{237F6F8B-78EC-4FFC-B604-9096C8BD178F}.Release|Any CPU.Build.0 = Release|Any CPU
		{237F6F8B-78EC-4FFC-B604-9096C8BD178F}.Release|x64.ActiveCfg = Release|x64
		{237F6F8B-78EC-4FFC-B604-9096C8BD178F}.Release|x64.Build.0 = Release|x64
		{C19EB88A-349D-4AC3-9BA2-3ED5B238F89E}.Debug|Any CPU.ActiveCfg = Debug|Any CPU
		{C19EB88A-349D-4AC3-9BA2-3ED5B238F89E}.Debug|Any CPU.Build.0 = Debug|Any CPU
		{C19EB88A-349D-4AC3-9BA2-3ED5B238F89E}.Debug|x64.ActiveCfg = Debug|Any CPU
		{C19EB88A-349D-4AC3-9BA2-3ED5B238F89E}.Debug|x64.Build.0 = Debug|Any CPU
		{C19EB88A-349D-4AC3-9BA2-3ED5B238F89E}.Release|Any CPU.ActiveCfg = Release|Any CPU
		{C19EB88A-349D-4AC3-9BA2-3ED5B238F89E}.Release|Any CPU.Build.0 = Release|Any CPU
		{C19EB88A-349D-4AC3-9BA2-3ED5B238F89E}.Release|x64.ActiveCfg = Release|Any CPU
		{C19EB88A-349D-4AC3-9BA2-3ED5B238F89E}.Release|x64.Build.0 = Release|Any CPU
	EndGlobalSection
	GlobalSection(SolutionProperties) = preSolution
		HideSolutionNode = FALSE
	EndGlobalSection
	GlobalSection(ExtensibilityGlobals) = postSolution
		SolutionGuid = {EB0924AF-36D3-49E6-B44E-981B52A85B15}
	EndGlobalSection
EndGlobal
